// !$*UTF8*$!
{
	archiveVersion = 1;
	classes = {
	};
	objectVersion = 50;
	objects = {

/* Begin PBXBuildFile section */
		16A7CB2C228E733D00B843BD /* AppDelegate.swift in Sources */ = {isa = PBXBuildFile; fileRef = 16A7CB2B228E733D00B843BD /* AppDelegate.swift */; };
		16A7CB33228E733D00B843BD /* Main.storyboard in Resources */ = {isa = PBXBuildFile; fileRef = 16A7CB31228E733D00B843BD /* Main.storyboard */; };
		16A7CB35228E733F00B843BD /* Assets.xcassets in Resources */ = {isa = PBXBuildFile; fileRef = 16A7CB34228E733F00B843BD /* Assets.xcassets */; };
		16A7CB38228E733F00B843BD /* LaunchScreen.storyboard in Resources */ = {isa = PBXBuildFile; fileRef = 16A7CB36228E733F00B843BD /* LaunchScreen.storyboard */; };
		1C3CDA4E228E9920004BE391 /* Date.swift in Sources */ = {isa = PBXBuildFile; fileRef = 1C3CDA4D228E9920004BE391 /* Date.swift */; };
		1C3CDA50228E992F004BE391 /* RecordInDay.swift in Sources */ = {isa = PBXBuildFile; fileRef = 1C3CDA4F228E992F004BE391 /* RecordInDay.swift */; };
		1C3CDA55228EBE4E004BE391 /* ExpenseTableViewController.swift in Sources */ = {isa = PBXBuildFile; fileRef = 1C3CDA54228EBE4E004BE391 /* ExpenseTableViewController.swift */; };
		1C3CDA57228ED100004BE391 /* ExpenseTableViewCell.swift in Sources */ = {isa = PBXBuildFile; fileRef = 1C3CDA56228ED100004BE391 /* ExpenseTableViewCell.swift */; };
		1C3CDA59228ED1E5004BE391 /* ExpenseTableViewSection.swift in Sources */ = {isa = PBXBuildFile; fileRef = 1C3CDA58228ED1E5004BE391 /* ExpenseTableViewSection.swift */; };
		1C3CDA5B228EE18A004BE391 /* ToPayTableViewController.swift in Sources */ = {isa = PBXBuildFile; fileRef = 1C3CDA5A228EE18A004BE391 /* ToPayTableViewController.swift */; };
		1C3CDA5D229172CB004BE391 /* GoogleService-Info.plist in Resources */ = {isa = PBXBuildFile; fileRef = 1C3CDA5C229172CB004BE391 /* GoogleService-Info.plist */; };
		1C3CDA61229197C9004BE391 /* AddRecordTableViewController.swift in Sources */ = {isa = PBXBuildFile; fileRef = 1C3CDA60229197C9004BE391 /* AddRecordTableViewController.swift */; };
		1C3CDA6322924CF1004BE391 /* StatisticViewController.swift in Sources */ = {isa = PBXBuildFile; fileRef = 1C3CDA6222924CF1004BE391 /* StatisticViewController.swift */; };
		C0B99E6076F6D9AD9F2BDDA4 /* Pods_MoMo.framework in Frameworks */ = {isa = PBXBuildFile; fileRef = 7C0E63B998A3BA292102654F /* Pods_MoMo.framework */; };
/* End PBXBuildFile section */

/* Begin PBXFileReference section */
		1585869A212A6DCE56FF869C /* Pods-MoMo.release.xcconfig */ = {isa = PBXFileReference; includeInIndex = 1; lastKnownFileType = text.xcconfig; name = "Pods-MoMo.release.xcconfig"; path = "Target Support Files/Pods-MoMo/Pods-MoMo.release.xcconfig"; sourceTree = "<group>"; };
		16A7CB28228E733D00B843BD /* MoMo.app */ = {isa = PBXFileReference; explicitFileType = wrapper.application; includeInIndex = 0; path = MoMo.app; sourceTree = BUILT_PRODUCTS_DIR; };
		16A7CB2B228E733D00B843BD /* AppDelegate.swift */ = {isa = PBXFileReference; lastKnownFileType = sourcecode.swift; path = AppDelegate.swift; sourceTree = "<group>"; };
		16A7CB32228E733D00B843BD /* Base */ = {isa = PBXFileReference; lastKnownFileType = file.storyboard; name = Base; path = Base.lproj/Main.storyboard; sourceTree = "<group>"; };
		16A7CB34228E733F00B843BD /* Assets.xcassets */ = {isa = PBXFileReference; lastKnownFileType = folder.assetcatalog; path = Assets.xcassets; sourceTree = "<group>"; };
		16A7CB37228E733F00B843BD /* Base */ = {isa = PBXFileReference; lastKnownFileType = file.storyboard; name = Base; path = Base.lproj/LaunchScreen.storyboard; sourceTree = "<group>"; };
		16A7CB39228E733F00B843BD /* Info.plist */ = {isa = PBXFileReference; lastKnownFileType = text.plist.xml; path = Info.plist; sourceTree = "<group>"; };
		1C3CDA4D228E9920004BE391 /* Date.swift */ = {isa = PBXFileReference; lastKnownFileType = sourcecode.swift; path = Date.swift; sourceTree = "<group>"; };
		1C3CDA4F228E992F004BE391 /* RecordInDay.swift */ = {isa = PBXFileReference; lastKnownFileType = sourcecode.swift; path = RecordInDay.swift; sourceTree = "<group>"; };
		1C3CDA54228EBE4E004BE391 /* ExpenseTableViewController.swift */ = {isa = PBXFileReference; lastKnownFileType = sourcecode.swift; path = ExpenseTableViewController.swift; sourceTree = "<group>"; };
		1C3CDA56228ED100004BE391 /* ExpenseTableViewCell.swift */ = {isa = PBXFileReference; lastKnownFileType = sourcecode.swift; path = ExpenseTableViewCell.swift; sourceTree = "<group>"; };
		1C3CDA58228ED1E5004BE391 /* ExpenseTableViewSection.swift */ = {isa = PBXFileReference; lastKnownFileType = sourcecode.swift; path = ExpenseTableViewSection.swift; sourceTree = "<group>"; };
		1C3CDA5A228EE18A004BE391 /* ToPayTableViewController.swift */ = {isa = PBXFileReference; lastKnownFileType = sourcecode.swift; path = ToPayTableViewController.swift; sourceTree = "<group>"; };
		1C3CDA5C229172CB004BE391 /* GoogleService-Info.plist */ = {isa = PBXFileReference; fileEncoding = 4; lastKnownFileType = text.plist.xml; path = "GoogleService-Info.plist"; sourceTree = "<group>"; };
		1C3CDA60229197C9004BE391 /* AddRecordTableViewController.swift */ = {isa = PBXFileReference; lastKnownFileType = sourcecode.swift; path = AddRecordTableViewController.swift; sourceTree = "<group>"; };
		1C3CDA6222924CF1004BE391 /* StatisticViewController.swift */ = {isa = PBXFileReference; lastKnownFileType = sourcecode.swift; path = StatisticViewController.swift; sourceTree = "<group>"; };
		611AA5B4A827C8FF6E80C16B /* Pods-MoMo.debug.xcconfig */ = {isa = PBXFileReference; includeInIndex = 1; lastKnownFileType = text.xcconfig; name = "Pods-MoMo.debug.xcconfig"; path = "Target Support Files/Pods-MoMo/Pods-MoMo.debug.xcconfig"; sourceTree = "<group>"; };
		7C0E63B998A3BA292102654F /* Pods_MoMo.framework */ = {isa = PBXFileReference; explicitFileType = wrapper.framework; includeInIndex = 0; path = Pods_MoMo.framework; sourceTree = BUILT_PRODUCTS_DIR; };
/* End PBXFileReference section */

/* Begin PBXFrameworksBuildPhase section */
		16A7CB25228E733D00B843BD /* Frameworks */ = {
			isa = PBXFrameworksBuildPhase;
			buildActionMask = 2147483647;
			files = (
				C0B99E6076F6D9AD9F2BDDA4 /* Pods_MoMo.framework in Frameworks */,
			);
			runOnlyForDeploymentPostprocessing = 0;
		};
/* End PBXFrameworksBuildPhase section */

/* Begin PBXGroup section */
		16A7CB1F228E733D00B843BD = {
			isa = PBXGroup;
			children = (
				16A7CB2A228E733D00B843BD /* MoMo */,
				16A7CB29228E733D00B843BD /* Products */,
				E21B650CF92E119B7EF17BF1 /* Pods */,
				22158511C868914F741E58B2 /* Frameworks */,
			);
			sourceTree = "<group>";
		};
		16A7CB29228E733D00B843BD /* Products */ = {
			isa = PBXGroup;
			children = (
				16A7CB28228E733D00B843BD /* MoMo.app */,
			);
			name = Products;
			sourceTree = "<group>";
		};
		16A7CB2A228E733D00B843BD /* MoMo */ = {
			isa = PBXGroup;
			children = (
				1C3CDA4C228E9117004BE391 /* Controller */,
				1C3CDA4B228E9112004BE391 /* Model */,
				1C3CDA4A228E9109004BE391 /* View */,
				16A7CB39228E733F00B843BD /* Info.plist */,
				1C3CDA5C229172CB004BE391 /* GoogleService-Info.plist */,
			);
			path = MoMo;
			sourceTree = "<group>";
		};
		1C3CDA4A228E9109004BE391 /* View */ = {
			isa = PBXGroup;
			children = (
				16A7CB31228E733D00B843BD /* Main.storyboard */,
				16A7CB34228E733F00B843BD /* Assets.xcassets */,
				16A7CB36228E733F00B843BD /* LaunchScreen.storyboard */,
			);
			path = View;
			sourceTree = "<group>";
		};
		1C3CDA4B228E9112004BE391 /* Model */ = {
			isa = PBXGroup;
			children = (
				1C3CDA4D228E9920004BE391 /* Date.swift */,
				1C3CDA4F228E992F004BE391 /* RecordInDay.swift */,
			);
			path = Model;
			sourceTree = "<group>";
		};
		1C3CDA4C228E9117004BE391 /* Controller */ = {
			isa = PBXGroup;
			children = (
				16A7CB2B228E733D00B843BD /* AppDelegate.swift */,
				1C3CDA54228EBE4E004BE391 /* ExpenseTableViewController.swift */,
				1C3CDA5A228EE18A004BE391 /* ToPayTableViewController.swift */,
				1C3CDA56228ED100004BE391 /* ExpenseTableViewCell.swift */,
				1C3CDA58228ED1E5004BE391 /* ExpenseTableViewSection.swift */,
				1C3CDA60229197C9004BE391 /* AddRecordTableViewController.swift */,
				1C3CDA6222924CF1004BE391 /* StatisticViewController.swift */,
			);
			path = Controller;
			sourceTree = "<group>";
		};
		22158511C868914F741E58B2 /* Frameworks */ = {
			isa = PBXGroup;
			children = (
				7C0E63B998A3BA292102654F /* Pods_MoMo.framework */,
			);
			name = Frameworks;
			sourceTree = "<group>";
		};
		E21B650CF92E119B7EF17BF1 /* Pods */ = {
			isa = PBXGroup;
			children = (
				611AA5B4A827C8FF6E80C16B /* Pods-MoMo.debug.xcconfig */,
				1585869A212A6DCE56FF869C /* Pods-MoMo.release.xcconfig */,
			);
			path = Pods;
			sourceTree = "<group>";
		};
/* End PBXGroup section */

/* Begin PBXNativeTarget section */
		16A7CB27228E733D00B843BD /* MoMo */ = {
			isa = PBXNativeTarget;
			buildConfigurationList = 16A7CB3C228E733F00B843BD /* Build configuration list for PBXNativeTarget "MoMo" */;
			buildPhases = (
				D8EB91A4BDAC9ABF42DA44FB /* [CP] Check Pods Manifest.lock */,
				16A7CB24228E733D00B843BD /* Sources */,
				16A7CB25228E733D00B843BD /* Frameworks */,
				16A7CB26228E733D00B843BD /* Resources */,
				351B12F4EB0B2509BB406795 /* [CP] Embed Pods Frameworks */,
			);
			buildRules = (
			);
			dependencies = (
			);
			name = MoMo;
			productName = MoMo;
			productReference = 16A7CB28228E733D00B843BD /* MoMo.app */;
			productType = "com.apple.product-type.application";
		};
/* End PBXNativeTarget section */

/* Begin PBXProject section */
		16A7CB20228E733D00B843BD /* Project object */ = {
			isa = PBXProject;
			attributes = {
				LastSwiftUpdateCheck = 1020;
				LastUpgradeCheck = 1020;
				ORGANIZATIONNAME = Clima;
				TargetAttributes = {
					16A7CB27228E733D00B843BD = {
						CreatedOnToolsVersion = 10.2.1;
					};
				};
			};
			buildConfigurationList = 16A7CB23228E733D00B843BD /* Build configuration list for PBXProject "MoMo" */;
			compatibilityVersion = "Xcode 9.3";
			developmentRegion = en;
			hasScannedForEncodings = 0;
			knownRegions = (
				en,
				Base,
			);
			mainGroup = 16A7CB1F228E733D00B843BD;
			productRefGroup = 16A7CB29228E733D00B843BD /* Products */;
			projectDirPath = "";
			projectRoot = "";
			targets = (
				16A7CB27228E733D00B843BD /* MoMo */,
			);
		};
/* End PBXProject section */

/* Begin PBXResourcesBuildPhase section */
		16A7CB26228E733D00B843BD /* Resources */ = {
			isa = PBXResourcesBuildPhase;
			buildActionMask = 2147483647;
			files = (
				16A7CB38228E733F00B843BD /* LaunchScreen.storyboard in Resources */,
				1C3CDA5D229172CB004BE391 /* GoogleService-Info.plist in Resources */,
				16A7CB35228E733F00B843BD /* Assets.xcassets in Resources */,
				16A7CB33228E733D00B843BD /* Main.storyboard in Resources */,
			);
			runOnlyForDeploymentPostprocessing = 0;
		};
/* End PBXResourcesBuildPhase section */

/* Begin PBXShellScriptBuildPhase section */
		351B12F4EB0B2509BB406795 /* [CP] Embed Pods Frameworks */ = {
			isa = PBXShellScriptBuildPhase;
			buildActionMask = 2147483647;
			files = (
			);
			inputFileListPaths = (
			);
			inputPaths = (
				"${PODS_ROOT}/Target Support Files/Pods-MoMo/Pods-MoMo-frameworks.sh",
				"${BUILT_PRODUCTS_DIR}/GoogleUtilities/GoogleUtilities.framework",
				"${BUILT_PRODUCTS_DIR}/leveldb-library/leveldb.framework",
				"${BUILT_PRODUCTS_DIR}/nanopb/nanopb.framework",
			);
			name = "[CP] Embed Pods Frameworks";
			outputFileListPaths = (
			);
			outputPaths = (
				"${TARGET_BUILD_DIR}/${FRAMEWORKS_FOLDER_PATH}/GoogleUtilities.framework",
				"${TARGET_BUILD_DIR}/${FRAMEWORKS_FOLDER_PATH}/leveldb.framework",
				"${TARGET_BUILD_DIR}/${FRAMEWORKS_FOLDER_PATH}/nanopb.framework",
			);
			runOnlyForDeploymentPostprocessing = 0;
			shellPath = /bin/sh;
			shellScript = "\"${PODS_ROOT}/Target Support Files/Pods-MoMo/Pods-MoMo-frameworks.sh\"\n";
			showEnvVarsInLog = 0;
		};
		D8EB91A4BDAC9ABF42DA44FB /* [CP] Check Pods Manifest.lock */ = {
			isa = PBXShellScriptBuildPhase;
			buildActionMask = 2147483647;
			files = (
			);
			inputFileListPaths = (
			);
			inputPaths = (
				"${PODS_PODFILE_DIR_PATH}/Podfile.lock",
				"${PODS_ROOT}/Manifest.lock",
			);
			name = "[CP] Check Pods Manifest.lock";
			outputFileListPaths = (
			);
			outputPaths = (
				"$(DERIVED_FILE_DIR)/Pods-MoMo-checkManifestLockResult.txt",
			);
			runOnlyForDeploymentPostprocessing = 0;
			shellPath = /bin/sh;
			shellScript = "diff \"${PODS_PODFILE_DIR_PATH}/Podfile.lock\" \"${PODS_ROOT}/Manifest.lock\" > /dev/null\nif [ $? != 0 ] ; then\n    # print error to STDERR\n    echo \"error: The sandbox is not in sync with the Podfile.lock. Run 'pod install' or update your CocoaPods installation.\" >&2\n    exit 1\nfi\n# This output is used by Xcode 'outputs' to avoid re-running this script phase.\necho \"SUCCESS\" > \"${SCRIPT_OUTPUT_FILE_0}\"\n";
			showEnvVarsInLog = 0;
		};
/* End PBXShellScriptBuildPhase section */

/* Begin PBXSourcesBuildPhase section */
		16A7CB24228E733D00B843BD /* Sources */ = {
			isa = PBXSourcesBuildPhase;
			buildActionMask = 2147483647;
			files = (
				1C3CDA59228ED1E5004BE391 /* ExpenseTableViewSection.swift in Sources */,
				1C3CDA57228ED100004BE391 /* ExpenseTableViewCell.swift in Sources */,
				1C3CDA55228EBE4E004BE391 /* ExpenseTableViewController.swift in Sources */,
				1C3CDA5B228EE18A004BE391 /* ToPayTableViewController.swift in Sources */,
				1C3CDA61229197C9004BE391 /* AddRecordTableViewController.swift in Sources */,
				16A7CB2C228E733D00B843BD /* AppDelegate.swift in Sources */,
				1C3CDA6322924CF1004BE391 /* StatisticViewController.swift in Sources */,
				1C3CDA4E228E9920004BE391 /* Date.swift in Sources */,
				1C3CDA50228E992F004BE391 /* RecordInDay.swift in Sources */,
			);
			runOnlyForDeploymentPostprocessing = 0;
		};
/* End PBXSourcesBuildPhase section */

/* Begin PBXVariantGroup section */
		16A7CB31228E733D00B843BD /* Main.storyboard */ = {
			isa = PBXVariantGroup;
			children = (
				16A7CB32228E733D00B843BD /* Base */,
			);
			name = Main.storyboard;
			sourceTree = "<group>";
		};
		16A7CB36228E733F00B843BD /* LaunchScreen.storyboard */ = {
			isa = PBXVariantGroup;
			children = (
				16A7CB37228E733F00B843BD /* Base */,
			);
			name = LaunchScreen.storyboard;
			sourceTree = "<group>";
		};
/* End PBXVariantGroup section */

/* Begin XCBuildConfiguration section */
		16A7CB3A228E733F00B843BD /* Debug */ = {
			isa = XCBuildConfiguration;
			buildSettings = {
				ALWAYS_SEARCH_USER_PATHS = NO;
				CLANG_ANALYZER_NONNULL = YES;
				CLANG_ANALYZER_NUMBER_OBJECT_CONVERSION = YES_AGGRESSIVE;
				CLANG_CXX_LANGUAGE_STANDARD = "gnu++14";
				CLANG_CXX_LIBRARY = "libc++";
				CLANG_ENABLE_MODULES = YES;
				CLANG_ENABLE_OBJC_ARC = YES;
				CLANG_ENABLE_OBJC_WEAK = YES;
				CLANG_WARN_BLOCK_CAPTURE_AUTORELEASING = YES;
				CLANG_WARN_BOOL_CONVERSION = YES;
				CLANG_WARN_COMMA = YES;
				CLANG_WARN_CONSTANT_CONVERSION = YES;
				CLANG_WARN_DEPRECATED_OBJC_IMPLEMENTATIONS = YES;
				CLANG_WARN_DIRECT_OBJC_ISA_USAGE = YES_ERROR;
				CLANG_WARN_DOCUMENTATION_COMMENTS = YES;
				CLANG_WARN_EMPTY_BODY = YES;
				CLANG_WARN_ENUM_CONVERSION = YES;
				CLANG_WARN_INFINITE_RECURSION = YES;
				CLANG_WARN_INT_CONVERSION = YES;
				CLANG_WARN_NON_LITERAL_NULL_CONVERSION = YES;
				CLANG_WARN_OBJC_IMPLICIT_RETAIN_SELF = YES;
				CLANG_WARN_OBJC_LITERAL_CONVERSION = YES;
				CLANG_WARN_OBJC_ROOT_CLASS = YES_ERROR;
				CLANG_WARN_RANGE_LOOP_ANALYSIS = YES;
				CLANG_WARN_STRICT_PROTOTYPES = YES;
				CLANG_WARN_SUSPICIOUS_MOVE = YES;
				CLANG_WARN_UNGUARDED_AVAILABILITY = YES_AGGRESSIVE;
				CLANG_WARN_UNREACHABLE_CODE = YES;
				CLANG_WARN__DUPLICATE_METHOD_MATCH = YES;
				CODE_SIGN_IDENTITY = "iPhone Developer";
				COPY_PHASE_STRIP = NO;
				DEBUG_INFORMATION_FORMAT = dwarf;
				ENABLE_STRICT_OBJC_MSGSEND = YES;
				ENABLE_TESTABILITY = YES;
				GCC_C_LANGUAGE_STANDARD = gnu11;
				GCC_DYNAMIC_NO_PIC = NO;
				GCC_NO_COMMON_BLOCKS = YES;
				GCC_OPTIMIZATION_LEVEL = 0;
				GCC_PREPROCESSOR_DEFINITIONS = (
					"DEBUG=1",
					"$(inherited)",
				);
				GCC_WARN_64_TO_32_BIT_CONVERSION = YES;
				GCC_WARN_ABOUT_RETURN_TYPE = YES_ERROR;
				GCC_WARN_UNDECLARED_SELECTOR = YES;
				GCC_WARN_UNINITIALIZED_AUTOS = YES_AGGRESSIVE;
				GCC_WARN_UNUSED_FUNCTION = YES;
				GCC_WARN_UNUSED_VARIABLE = YES;
				IPHONEOS_DEPLOYMENT_TARGET = 12.2;
				MTL_ENABLE_DEBUG_INFO = INCLUDE_SOURCE;
				MTL_FAST_MATH = YES;
				ONLY_ACTIVE_ARCH = YES;
				SDKROOT = iphoneos;
				SWIFT_ACTIVE_COMPILATION_CONDITIONS = DEBUG;
				SWIFT_OPTIMIZATION_LEVEL = "-Onone";
			};
			name = Debug;
		};
		16A7CB3B228E733F00B843BD /* Release */ = {
			isa = XCBuildConfiguration;
			buildSettings = {
				ALWAYS_SEARCH_USER_PATHS = NO;
				CLANG_ANALYZER_NONNULL = YES;
				CLANG_ANALYZER_NUMBER_OBJECT_CONVERSION = YES_AGGRESSIVE;
				CLANG_CXX_LANGUAGE_STANDARD = "gnu++14";
				CLANG_CXX_LIBRARY = "libc++";
				CLANG_ENABLE_MODULES = YES;
				CLANG_ENABLE_OBJC_ARC = YES;
				CLANG_ENABLE_OBJC_WEAK = YES;
				CLANG_WARN_BLOCK_CAPTURE_AUTORELEASING = YES;
				CLANG_WARN_BOOL_CONVERSION = YES;
				CLANG_WARN_COMMA = YES;
				CLANG_WARN_CONSTANT_CONVERSION = YES;
				CLANG_WARN_DEPRECATED_OBJC_IMPLEMENTATIONS = YES;
				CLANG_WARN_DIRECT_OBJC_ISA_USAGE = YES_ERROR;
				CLANG_WARN_DOCUMENTATION_COMMENTS = YES;
				CLANG_WARN_EMPTY_BODY = YES;
				CLANG_WARN_ENUM_CONVERSION = YES;
				CLANG_WARN_INFINITE_RECURSION = YES;
				CLANG_WARN_INT_CONVERSION = YES;
				CLANG_WARN_NON_LITERAL_NULL_CONVERSION = YES;
				CLANG_WARN_OBJC_IMPLICIT_RETAIN_SELF = YES;
				CLANG_WARN_OBJC_LITERAL_CONVERSION = YES;
				CLANG_WARN_OBJC_ROOT_CLASS = YES_ERROR;
				CLANG_WARN_RANGE_LOOP_ANALYSIS = YES;
				CLANG_WARN_STRICT_PROTOTYPES = YES;
				CLANG_WARN_SUSPICIOUS_MOVE = YES;
				CLANG_WARN_UNGUARDED_AVAILABILITY = YES_AGGRESSIVE;
				CLANG_WARN_UNREACHABLE_CODE = YES;
				CLANG_WARN__DUPLICATE_METHOD_MATCH = YES;
				CODE_SIGN_IDENTITY = "iPhone Developer";
				COPY_PHASE_STRIP = NO;
				DEBUG_INFORMATION_FORMAT = "dwarf-with-dsym";
				ENABLE_NS_ASSERTIONS = NO;
				ENABLE_STRICT_OBJC_MSGSEND = YES;
				GCC_C_LANGUAGE_STANDARD = gnu11;
				GCC_NO_COMMON_BLOCKS = YES;
				GCC_WARN_64_TO_32_BIT_CONVERSION = YES;
				GCC_WARN_ABOUT_RETURN_TYPE = YES_ERROR;
				GCC_WARN_UNDECLARED_SELECTOR = YES;
				GCC_WARN_UNINITIALIZED_AUTOS = YES_AGGRESSIVE;
				GCC_WARN_UNUSED_FUNCTION = YES;
				GCC_WARN_UNUSED_VARIABLE = YES;
				IPHONEOS_DEPLOYMENT_TARGET = 12.2;
				MTL_ENABLE_DEBUG_INFO = NO;
				MTL_FAST_MATH = YES;
				SDKROOT = iphoneos;
				SWIFT_COMPILATION_MODE = wholemodule;
				SWIFT_OPTIMIZATION_LEVEL = "-O";
				VALIDATE_PRODUCT = YES;
			};
			name = Release;
		};
		16A7CB3D228E733F00B843BD /* Debug */ = {
			isa = XCBuildConfiguration;
			baseConfigurationReference = 611AA5B4A827C8FF6E80C16B /* Pods-MoMo.debug.xcconfig */;
			buildSettings = {
				ASSETCATALOG_COMPILER_APPICON_NAME = AppIcon;
				CODE_SIGN_STYLE = Automatic;
				DEVELOPMENT_TEAM = 6CS4276UX2;
				INFOPLIST_FILE = MoMo/Info.plist;
				LD_RUNPATH_SEARCH_PATHS = (
					"$(inherited)",
					"@executable_path/Frameworks",
				);
				PRODUCT_BUNDLE_IDENTIFIER = au.edu.uts.MoMo;
				PRODUCT_NAME = "$(TARGET_NAME)";
				SWIFT_VERSION = 5.0;
				TARGETED_DEVICE_FAMILY = "1,2";
			};
			name = Debug;
		};
		16A7CB3E228E733F00B843BD /* Release */ = {
			isa = XCBuildConfiguration;
			baseConfigurationReference = 1585869A212A6DCE56FF869C /* Pods-MoMo.release.xcconfig */;
			buildSettings = {
				ASSETCATALOG_COMPILER_APPICON_NAME = AppIcon;
				CODE_SIGN_STYLE = Automatic;
				DEVELOPMENT_TEAM = 6CS4276UX2;
				INFOPLIST_FILE = MoMo/Info.plist;
				LD_RUNPATH_SEARCH_PATHS = (
					"$(inherited)",
					"@executable_path/Frameworks",
				);
				PRODUCT_BUNDLE_IDENTIFIER = au.edu.uts.MoMo;
				PRODUCT_NAME = "$(TARGET_NAME)";
				SWIFT_VERSION = 5.0;
				TARGETED_DEVICE_FAMILY = "1,2";
			};
			name = Release;
		};
/* End XCBuildConfiguration section */

/* Begin XCConfigurationList section */
		16A7CB23228E733D00B843BD /* Build configuration list for PBXProject "MoMo" */ = {
			isa = XCConfigurationList;
			buildConfigurations = (
				16A7CB3A228E733F00B843BD /* Debug */,
				16A7CB3B228E733F00B843BD /* Release */,
			);
			defaultConfigurationIsVisible = 0;
			defaultConfigurationName = Release;
		};
		16A7CB3C228E733F00B843BD /* Build configuration list for PBXNativeTarget "MoMo" */ = {
			isa = XCConfigurationList;
			buildConfigurations = (
				16A7CB3D228E733F00B843BD /* Debug */,
				16A7CB3E228E733F00B843BD /* Release */,
			);
			defaultConfigurationIsVisible = 0;
			defaultConfigurationName = Release;
		};
/* End XCConfigurationList section */
	};
	rootObject = 16A7CB20228E733D00B843BD /* Project object */;
}
